
Microsoft Visual Studio Solution File, Format Version 12.00
# Visual Studio 15
VisualStudioVersion = 15.0.26730.16
MinimumVisualStudioVersion = 10.0.40219.1
Project("{9A19103F-16F7-4668-BE54-9A1E7A4F7556}") = "SportsStore", "SportsStore\SportsStore.csproj", "{47F9A87B-C680-4990-8DA0-AA1D55835172}"
EndProject
Project("{9A19103F-16F7-4668-BE54-9A1E7A4F7556}") = "SportsStore.Tests", "SportsStore.Tests\SportsStore.Tests.csproj", "{7047E805-7C63-48B3-A2FA-FC763B0E06BC}"
EndProject
Global
	GlobalSection(SolutionConfigurationPlatforms) = preSolution
		Debug|Any CPU = Debug|Any CPU
		Release|Any CPU = Release|Any CPU
	EndGlobalSection
	GlobalSection(ProjectConfigurationPlatforms) = postSolution
		{47F9A87B-C680-4990-8DA0-AA1D55835172}.Debug|Any CPU.ActiveCfg = Debug|Any CPU
		{47F9A87B-C680-4990-8DA0-AA1D55835172}.Debug|Any CPU.Build.0 = Debug|Any CPU
		{47F9A87B-C680-4990-8DA0-AA1D55835172}.Release|Any CPU.ActiveCfg = Release|Any CPU
		{47F9A87B-C680-4990-8DA0-AA1D55835172}.Release|Any CPU.Build.0 = Release|Any CPU
		{7047E805-7C63-48B3-A2FA-FC763B0E06BC}.Debug|Any CPU.ActiveCfg = Debug|Any CPU
		{7047E805-7C63-48B3-A2FA-FC763B0E06BC}.Debug|Any CPU.Build.0 = Debug|Any CPU
		{7047E805-7C63-48B3-A2FA-FC763B0E06BC}.Release|Any CPU.ActiveCfg = Release|Any CPU
		{7047E805-7C63-48B3-A2FA-FC763B0E06BC}.Release|Any CPU.Build.0 = Release|Any CPU
	EndGlobalSection
	GlobalSection(SolutionProperties) = preSolution
		HideSolutionNode = FALSE
	EndGlobalSection
	GlobalSection(ExtensibilityGlobals) = postSolution
		SolutionGuid = {D2C41FAE-2190-472C-9985-DA4FDA18E1D0}
	EndGlobalSection
EndGlobal
